// !$*UTF8*$!
{
	archiveVersion = 1;
	classes = {
	};
	objectVersion = 46;
	objects = {

/* Begin PBXBuildFile section */
		160B4C9A16DDEDE4005FF8F9 /* table.png in Resources */ = {isa = PBXBuildFile; fileRef = 160B4C9916DDEDE4005FF8F9 /* table.png */; };
		16BA3B5016CE0041003E1C62 /* UIKit.framework in Frameworks */ = {isa = PBXBuildFile; fileRef = 16BA3B4F16CE0041003E1C62 /* UIKit.framework */; };
		16BA3B5216CE0041003E1C62 /* Foundation.framework in Frameworks */ = {isa = PBXBuildFile; fileRef = 16BA3B5116CE0041003E1C62 /* Foundation.framework */; };
		16BA3B5416CE0041003E1C62 /* CoreGraphics.framework in Frameworks */ = {isa = PBXBuildFile; fileRef = 16BA3B5316CE0041003E1C62 /* CoreGraphics.framework */; };
		16BA3B5A16CE0041003E1C62 /* InfoPlist.strings in Resources */ = {isa = PBXBuildFile; fileRef = 16BA3B5816CE0041003E1C62 /* InfoPlist.strings */; };
		16BA3B5C16CE0041003E1C62 /* main.m in Sources */ = {isa = PBXBuildFile; fileRef = 16BA3B5B16CE0041003E1C62 /* main.m */; };
		16BA3B6016CE0041003E1C62 /* AppDelegate.m in Sources */ = {isa = PBXBuildFile; fileRef = 16BA3B5F16CE0041003E1C62 /* AppDelegate.m */; };
		16BA3B6216CE0041003E1C62 /* Default.png in Resources */ = {isa = PBXBuildFile; fileRef = 16BA3B6116CE0041003E1C62 /* Default.png */; };
		16BA3B6416CE0041003E1C62 /* Default@2x.png in Resources */ = {isa = PBXBuildFile; fileRef = 16BA3B6316CE0041003E1C62 /* Default@2x.png */; };
		16BA3B6616CE0041003E1C62 /* Default-568h@2x.png in Resources */ = {isa = PBXBuildFile; fileRef = 16BA3B6516CE0041003E1C62 /* Default-568h@2x.png */; };
		16BA3B6916CE0041003E1C62 /* MainStoryboard_iPhone.storyboard in Resources */ = {isa = PBXBuildFile; fileRef = 16BA3B6716CE0041003E1C62 /* MainStoryboard_iPhone.storyboard */; };
		16BA3B6C16CE0041003E1C62 /* MainStoryboard_iPad.storyboard in Resources */ = {isa = PBXBuildFile; fileRef = 16BA3B6A16CE0041003E1C62 /* MainStoryboard_iPad.storyboard */; };
		16BA3B6F16CE0041003E1C62 /* ViewController.m in Sources */ = {isa = PBXBuildFile; fileRef = 16BA3B6E16CE0041003E1C62 /* ViewController.m */; };
/* End PBXBuildFile section */

/* Begin PBXFileReference section */
		160B4C9916DDEDE4005FF8F9 /* table.png */ = {isa = PBXFileReference; lastKnownFileType = image.png; path = table.png; sourceTree = "<group>"; };
		16BA3B4C16CE0041003E1C62 /* Simple BMI Calc.app */ = {isa = PBXFileReference; explicitFileType = wrapper.application; includeInIndex = 0; path = "Simple BMI Calc.app"; sourceTree = BUILT_PRODUCTS_DIR; };
		16BA3B4F16CE0041003E1C62 /* UIKit.framework */ = {isa = PBXFileReference; lastKnownFileType = wrapper.framework; name = UIKit.framework; path = System/Library/Frameworks/UIKit.framework; sourceTree = SDKROOT; };
		16BA3B5116CE0041003E1C62 /* Foundation.framework */ = {isa = PBXFileReference; lastKnownFileType = wrapper.framework; name = Foundation.framework; path = System/Library/Frameworks/Foundation.framework; sourceTree = SDKROOT; };
		16BA3B5316CE0041003E1C62 /* CoreGraphics.framework */ = {isa = PBXFileReference; lastKnownFileType = wrapper.framework; name = CoreGraphics.framework; path = System/Library/Frameworks/CoreGraphics.framework; sourceTree = SDKROOT; };
		16BA3B5716CE0041003E1C62 /* Simple BMI Calc-Info.plist */ = {isa = PBXFileReference; lastKnownFileType = text.plist.xml; path = "Simple BMI Calc-Info.plist"; sourceTree = "<group>"; };
		16BA3B5916CE0041003E1C62 /* en */ = {isa = PBXFileReference; lastKnownFileType = text.plist.strings; name = en; path = en.lproj/InfoPlist.strings; sourceTree = "<group>"; };
		16BA3B5B16CE0041003E1C62 /* main.m */ = {isa = PBXFileReference; lastKnownFileType = sourcecode.c.objc; path = main.m; sourceTree = "<group>"; };
		16BA3B5D16CE0041003E1C62 /* Simple BMI Calc-Prefix.pch */ = {isa = PBXFileReference; lastKnownFileType = sourcecode.c.h; path = "Simple BMI Calc-Prefix.pch"; sourceTree = "<group>"; };
		16BA3B5E16CE0041003E1C62 /* AppDelegate.h */ = {isa = PBXFileReference; lastKnownFileType = sourcecode.c.h; path = AppDelegate.h; sourceTree = "<group>"; };
		16BA3B5F16CE0041003E1C62 /* AppDelegate.m */ = {isa = PBXFileReference; lastKnownFileType = sourcecode.c.objc; path = AppDelegate.m; sourceTree = "<group>"; };
		16BA3B6116CE0041003E1C62 /* Default.png */ = {isa = PBXFileReference; lastKnownFileType = image.png; path = Default.png; sourceTree = "<group>"; };
		16BA3B6316CE0041003E1C62 /* Default@2x.png */ = {isa = PBXFileReference; lastKnownFileType = image.png; path = "Default@2x.png"; sourceTree = "<group>"; };
		16BA3B6516CE0041003E1C62 /* Default-568h@2x.png */ = {isa = PBXFileReference; lastKnownFileType = image.png; path = "Default-568h@2x.png"; sourceTree = "<group>"; };
		16BA3B6816CE0041003E1C62 /* en */ = {isa = PBXFileReference; lastKnownFileType = file.storyboard; name = en; path = en.lproj/MainStoryboard_iPhone.storyboard; sourceTree = "<group>"; };
		16BA3B6B16CE0041003E1C62 /* en */ = {isa = PBXFileReference; lastKnownFileType = file.storyboard; name = en; path = en.lproj/MainStoryboard_iPad.storyboard; sourceTree = "<group>"; };
		16BA3B6D16CE0041003E1C62 /* ViewController.h */ = {isa = PBXFileReference; lastKnownFileType = sourcecode.c.h; path = ViewController.h; sourceTree = "<group>"; };
		16BA3B6E16CE0041003E1C62 /* ViewController.m */ = {isa = PBXFileReference; lastKnownFileType = sourcecode.c.objc; path = ViewController.m; sourceTree = "<group>"; };
/* End PBXFileReference section */

/* Begin PBXFrameworksBuildPhase section */
		16BA3B4916CE0041003E1C62 /* Frameworks */ = {
			isa = PBXFrameworksBuildPhase;
			buildActionMask = 2147483647;
			files = (
				16BA3B5016CE0041003E1C62 /* UIKit.framework in Frameworks */,
				16BA3B5216CE0041003E1C62 /* Foundation.framework in Frameworks */,
				16BA3B5416CE0041003E1C62 /* CoreGraphics.framework in Frameworks */,
			);
			runOnlyForDeploymentPostprocessing = 0;
		};
/* End PBXFrameworksBuildPhase section */

/* Begin PBXGroup section */
		16BA3B4316CE0041003E1C62 = {
			isa = PBXGroup;
			children = (
				16BA3B5516CE0041003E1C62 /* Simple BMI Calc */,
				16BA3B4E16CE0041003E1C62 /* Frameworks */,
				16BA3B4D16CE0041003E1C62 /* Products */,
			);
			sourceTree = "<group>";
		};
		16BA3B4D16CE0041003E1C62 /* Products */ = {
			isa = PBXGroup;
			children = (
				16BA3B4C16CE0041003E1C62 /* Simple BMI Calc.app */,
			);
			name = Products;
			sourceTree = "<group>";
		};
		16BA3B4E16CE0041003E1C62 /* Frameworks */ = {
			isa = PBXGroup;
			children = (
				16BA3B4F16CE0041003E1C62 /* UIKit.framework */,
				16BA3B5116CE0041003E1C62 /* Foundation.framework */,
				16BA3B5316CE0041003E1C62 /* CoreGraphics.framework */,
			);
			name = Frameworks;
			sourceTree = "<group>";
		};
		16BA3B5516CE0041003E1C62 /* Simple BMI Calc */ = {
			isa = PBXGroup;
			children = (
				16BA3B5E16CE0041003E1C62 /* AppDelegate.h */,
				16BA3B5F16CE0041003E1C62 /* AppDelegate.m */,
				16BA3B6716CE0041003E1C62 /* MainStoryboard_iPhone.storyboard */,
				16BA3B6A16CE0041003E1C62 /* MainStoryboard_iPad.storyboard */,
				16BA3B6D16CE0041003E1C62 /* ViewController.h */,
				16BA3B6E16CE0041003E1C62 /* ViewController.m */,
				16BA3B5616CE0041003E1C62 /* Supporting Files */,
			);
			path = "Simple BMI Calc";
			sourceTree = "<group>";
		};
		16BA3B5616CE0041003E1C62 /* Supporting Files */ = {
			isa = PBXGroup;
			children = (
				160B4C9916DDEDE4005FF8F9 /* table.png */,
				16BA3B5716CE0041003E1C62 /* Simple BMI Calc-Info.plist */,
				16BA3B5816CE0041003E1C62 /* InfoPlist.strings */,
				16BA3B5B16CE0041003E1C62 /* main.m */,
				16BA3B5D16CE0041003E1C62 /* Simple BMI Calc-Prefix.pch */,
				16BA3B6116CE0041003E1C62 /* Default.png */,
				16BA3B6316CE0041003E1C62 /* Default@2x.png */,
				16BA3B6516CE0041003E1C62 /* Default-568h@2x.png */,
			);
			name = "Supporting Files";
			sourceTree = "<group>";
		};
/* End PBXGroup section */

/* Begin PBXNativeTarget section */
		16BA3B4B16CE0041003E1C62 /* Simple BMI Calc */ = {
			isa = PBXNativeTarget;
			buildConfigurationList = 16BA3B7216CE0041003E1C62 /* Build configuration list for PBXNativeTarget "Simple BMI Calc" */;
			buildPhases = (
				16BA3B4816CE0041003E1C62 /* Sources */,
				16BA3B4916CE0041003E1C62 /* Frameworks */,
				16BA3B4A16CE0041003E1C62 /* Resources */,
			);
			buildRules = (
			);
			dependencies = (
			);
			name = "Simple BMI Calc";
			productName = "Simple BMI Calc";
			productReference = 16BA3B4C16CE0041003E1C62 /* Simple BMI Calc.app */;
			productType = "com.apple.product-type.application";
		};
/* End PBXNativeTarget section */

/* Begin PBXProject section */
		16BA3B4416CE0041003E1C62 /* Project object */ = {
			isa = PBXProject;
			attributes = {
				LastUpgradeCheck = 0460;
				ORGANIZATIONNAME = "Ian Vergara";
			};
			buildConfigurationList = 16BA3B4716CE0041003E1C62 /* Build configuration list for PBXProject "Simple BMI Calc" */;
			compatibilityVersion = "Xcode 3.2";
			developmentRegion = English;
			hasScannedForEncodings = 0;
			knownRegions = (
				en,
			);
			mainGroup = 16BA3B4316CE0041003E1C62;
			productRefGroup = 16BA3B4D16CE0041003E1C62 /* Products */;
			projectDirPath = "";
			projectRoot = "";
			targets = (
				16BA3B4B16CE0041003E1C62 /* Simple BMI Calc */,
			);
		};
/* End PBXProject section */

/* Begin PBXResourcesBuildPhase section */
		16BA3B4A16CE0041003E1C62 /* Resources */ = {
			isa = PBXResourcesBuildPhase;
			buildActionMask = 2147483647;
			files = (
				16BA3B5A16CE0041003E1C62 /* InfoPlist.strings in Resources */,
				16BA3B6216CE0041003E1C62 /* Default.png in Resources */,
				16BA3B6416CE0041003E1C62 /* Default@2x.png in Resources */,
				16BA3B6616CE0041003E1C62 /* Default-568h@2x.png in Resources */,
				16BA3B6916CE0041003E1C62 /* MainStoryboard_iPhone.storyboard in Resources */,
				16BA3B6C16CE0041003E1C62 /* MainStoryboard_iPad.storyboard in Resources */,
				160B4C9A16DDEDE4005FF8F9 /* table.png in Resources */,
			);
			runOnlyForDeploymentPostprocessing = 0;
		};
/* End PBXResourcesBuildPhase section */

/* Begin PBXSourcesBuildPhase section */
		16BA3B4816CE0041003E1C62 /* Sources */ = {
			isa = PBXSourcesBuildPhase;
			buildActionMask = 2147483647;
			files = (
				16BA3B5C16CE0041003E1C62 /* main.m in Sources */,
				16BA3B6016CE0041003E1C62 /* AppDelegate.m in Sources */,
				16BA3B6F16CE0041003E1C62 /* ViewController.m in Sources */,
			);
			runOnlyForDeploymentPostprocessing = 0;
		};
/* End PBXSourcesBuildPhase section */

/* Begin PBXVariantGroup section */
		16BA3B5816CE0041003E1C62 /* InfoPlist.strings */ = {
			isa = PBXVariantGroup;
			children = (
				16BA3B5916CE0041003E1C62 /* en */,
			);
			name = InfoPlist.strings;
			sourceTree = "<group>";
		};
		16BA3B6716CE0041003E1C62 /* MainStoryboard_iPhone.storyboard */ = {
			isa = PBXVariantGroup;
			children = (
				16BA3B6816CE0041003E1C62 /* en */,
			);
			name = MainStoryboard_iPhone.storyboard;
			sourceTree = "<group>";
		};
		16BA3B6A16CE0041003E1C62 /* MainStoryboard_iPad.storyboard */ = {
			isa = PBXVariantGroup;
			children = (
				16BA3B6B16CE0041003E1C62 /* en */,
			);
			name = MainStoryboard_iPad.storyboard;
			sourceTree = "<group>";
		};
/* End PBXVariantGroup section */

/* Begin XCBuildConfiguration section */
		16BA3B7016CE0041003E1C62 /* Debug */ = {
			isa = XCBuildConfiguration;
			buildSettings = {
				ALWAYS_SEARCH_USER_PATHS = NO;
				CLANG_CXX_LANGUAGE_STANDARD = "gnu++0x";
				CLANG_CXX_LIBRARY = "libc++";
				CLANG_ENABLE_OBJC_ARC = YES;
				CLANG_WARN_CONSTANT_CONVERSION = YES;
				CLANG_WARN_EMPTY_BODY = YES;
				CLANG_WARN_ENUM_CONVERSION = YES;
				CLANG_WARN_INT_CONVERSION = YES;
				CLANG_WARN__DUPLICATE_METHOD_MATCH = YES;
				"CODE_SIGN_IDENTITY[sdk=iphoneos*]" = "iPhone Developer";
				COPY_PHASE_STRIP = NO;
				GCC_C_LANGUAGE_STANDARD = gnu99;
				GCC_DYNAMIC_NO_PIC = NO;
				GCC_OPTIMIZATION_LEVEL = 0;
				GCC_PREPROCESSOR_DEFINITIONS = (
					"DEBUG=1",
					"$(inherited)",
				);
				GCC_SYMBOLS_PRIVATE_EXTERN = NO;
				GCC_WARN_ABOUT_RETURN_TYPE = YES;
				GCC_WARN_UNINITIALIZED_AUTOS = YES;
				GCC_WARN_UNUSED_VARIABLE = YES;
				IPHONEOS_DEPLOYMENT_TARGET = 6.1;
				ONLY_ACTIVE_ARCH = YES;
				SDKROOT = iphoneos;
				TARGETED_DEVICE_FAMILY = "1,2";
			};
			name = Debug;
		};
		16BA3B7116CE0041003E1C62 /* Release */ = {
			isa = XCBuildConfiguration;
			buildSettings = {
				ALWAYS_SEARCH_USER_PATHS = NO;
				CLANG_CXX_LANGUAGE_STANDARD = "gnu++0x";
				CLANG_CXX_LIBRARY = "libc++";
				CLANG_ENABLE_OBJC_ARC = YES;
				CLANG_WARN_CONSTANT_CONVERSION = YES;
				CLANG_WARN_EMPTY_BODY = YES;
				CLANG_WARN_ENUM_CONVERSION = YES;
				CLANG_WARN_INT_CONVERSION = YES;
				CLANG_WARN__DUPLICATE_METHOD_MATCH = YES;
				"CODE_SIGN_IDENTITY[sdk=iphoneos*]" = "iPhone Developer";
				COPY_PHASE_STRIP = YES;
				GCC_C_LANGUAGE_STANDARD = gnu99;
				GCC_WARN_ABOUT_RETURN_TYPE = YES;
				GCC_WARN_UNINITIALIZED_AUTOS = YES;
				GCC_WARN_UNUSED_VARIABLE = YES;
				IPHONEOS_DEPLOYMENT_TARGET = 6.1;
				OTHER_CFLAGS = "-DNS_BLOCK_ASSERTIONS=1";
				SDKROOT = iphoneos;
				TARGETED_DEVICE_FAMILY = "1,2";
				VALIDATE_PRODUCT = YES;
			};
			name = Release;
		};
		16BA3B7316CE0041003E1C62 /* Debug */ = {
			isa = XCBuildConfiguration;
			buildSettings = {
				GCC_PRECOMPILE_PREFIX_HEADER = YES;
				GCC_PREFIX_HEADER = "Simple BMI Calc/Simple BMI Calc-Prefix.pch";
				INFOPLIST_FILE = "Simple BMI Calc/Simple BMI Calc-Info.plist";
				PRODUCT_NAME = "$(TARGET_NAME)";
				TARGETED_DEVICE_FAMILY = 1;
				WRAPPER_EXTENSION = app;
			};
			name = Debug;
		};
		16BA3B7416CE0041003E1C62 /* Release */ = {
			isa = XCBuildConfiguration;
			buildSettings = {
				GCC_PRECOMPILE_PREFIX_HEADER = YES;
				GCC_PREFIX_HEADER = "Simple BMI Calc/Simple BMI Calc-Prefix.pch";
				INFOPLIST_FILE = "Simple BMI Calc/Simple BMI Calc-Info.plist";
				PRODUCT_NAME = "$(TARGET_NAME)";
				TARGETED_DEVICE_FAMILY = 1;
				WRAPPER_EXTENSION = app;
			};
			name = Release;
		};
/* End XCBuildConfiguration section */

/* Begin XCConfigurationList section */
		16BA3B4716CE0041003E1C62 /* Build configuration list for PBXProject "Simple BMI Calc" */ = {
			isa = XCConfigurationList;
			buildConfigurations = (
				16BA3B7016CE0041003E1C62 /* Debug */,
				16BA3B7116CE0041003E1C62 /* Release */,
			);
			defaultConfigurationIsVisible = 0;
			defaultConfigurationName = Release;
		};
		16BA3B7216CE0041003E1C62 /* Build configuration list for PBXNativeTarget "Simple BMI Calc" */ = {
			isa = XCConfigurationList;
			buildConfigurations = (
				16BA3B7316CE0041003E1C62 /* Debug */,
				16BA3B7416CE0041003E1C62 /* Release */,
			);
			defaultConfigurationIsVisible = 0;
			defaultConfigurationName = Release;
		};
/* End XCConfigurationList section */
	};
	rootObject = 16BA3B4416CE0041003E1C62 /* Project object */;
}
